// !$*UTF8*$!
{
	archiveVersion = 1;
	classes = {
	};
	objectVersion = 46;
	objects = {

/* Begin PBXBuildFile section */
		0C82B872168BB8F300ADB9D1 /* main.cpp in Sources */ = {isa = PBXBuildFile; fileRef = 0C82B863168BB84800ADB9D1 /* main.cpp */; };
		0C82B878168BBC1A00ADB9D1 /* audio_manager.cpp in Sources */ = {isa = PBXBuildFile; fileRef = 0C82B876168BBC1A00ADB9D1 /* audio_manager.cpp */; };
		0C82B888168BC1C400ADB9D1 /* libfmodex.dylib in Frameworks */ = {isa = PBXBuildFile; fileRef = 0C82B886168BC1C400ADB9D1 /* libfmodex.dylib */; };
		0C82B889168BC1C400ADB9D1 /* libfmodexL.dylib in Frameworks */ = {isa = PBXBuildFile; fileRef = 0C82B887168BC1C400ADB9D1 /* libfmodexL.dylib */; };
		0C82B88C168BC5FB00ADB9D1 /* logger.cpp in Sources */ = {isa = PBXBuildFile; fileRef = 0C82B88A168BC5FB00ADB9D1 /* logger.cpp */; };
		0C82B890168BD0FB00ADB9D1 /* track.cpp in Sources */ = {isa = PBXBuildFile; fileRef = 0C82B88E168BD0FB00ADB9D1 /* track.cpp */; };
		0C82B896168BF30700ADB9D1 /* test.mp3 in CopyFiles */ = {isa = PBXBuildFile; fileRef = 0C82B892168BF2C500ADB9D1 /* test.mp3 */; };
		0C82B899168C1C2300ADB9D1 /* input_manager.cpp in Sources */ = {isa = PBXBuildFile; fileRef = 0C82B897168C1C2300ADB9D1 /* input_manager.cpp */; };
/* End PBXBuildFile section */

/* Begin PBXCopyFilesBuildPhase section */
		0C82B895168BF2FA00ADB9D1 /* CopyFiles */ = {
			isa = PBXCopyFilesBuildPhase;
			buildActionMask = 2147483647;
			dstPath = "";
			dstSubfolderSpec = 7;
			files = (
				0C82B896168BF30700ADB9D1 /* test.mp3 in CopyFiles */,
			);
			runOnlyForDeploymentPostprocessing = 0;
		};
/* End PBXCopyFilesBuildPhase section */

/* Begin PBXFileReference section */
		0C82B863168BB84800ADB9D1 /* main.cpp */ = {isa = PBXFileReference; lastKnownFileType = sourcecode.cpp.cpp; path = main.cpp; sourceTree = "<group>"; };
		0C82B868168BB8B300ADB9D1 /* djpi */ = {isa = PBXFileReference; explicitFileType = "compiled.mach-o.executable"; includeInIndex = 0; path = djpi; sourceTree = BUILT_PRODUCTS_DIR; };
		0C82B876168BBC1A00ADB9D1 /* audio_manager.cpp */ = {isa = PBXFileReference; fileEncoding = 4; lastKnownFileType = sourcecode.cpp.cpp; path = audio_manager.cpp; sourceTree = "<group>"; };
		0C82B877168BBC1A00ADB9D1 /* audio_manager.h */ = {isa = PBXFileReference; fileEncoding = 4; lastKnownFileType = sourcecode.c.h; path = audio_manager.h; sourceTree = "<group>"; };
		0C82B87F168BC1B900ADB9D1 /* fmod.h */ = {isa = PBXFileReference; lastKnownFileType = sourcecode.c.h; path = fmod.h; sourceTree = "<group>"; };
		0C82B880168BC1B900ADB9D1 /* fmod.hpp */ = {isa = PBXFileReference; lastKnownFileType = sourcecode.cpp.h; path = fmod.hpp; sourceTree = "<group>"; };
		0C82B881168BC1B900ADB9D1 /* fmod_codec.h */ = {isa = PBXFileReference; lastKnownFileType = sourcecode.c.h; path = fmod_codec.h; sourceTree = "<group>"; };
		0C82B882168BC1B900ADB9D1 /* fmod_dsp.h */ = {isa = PBXFileReference; lastKnownFileType = sourcecode.c.h; path = fmod_dsp.h; sourceTree = "<group>"; };
		0C82B883168BC1B900ADB9D1 /* fmod_errors.h */ = {isa = PBXFileReference; lastKnownFileType = sourcecode.c.h; path = fmod_errors.h; sourceTree = "<group>"; };
		0C82B884168BC1B900ADB9D1 /* fmod_memoryinfo.h */ = {isa = PBXFileReference; lastKnownFileType = sourcecode.c.h; path = fmod_memoryinfo.h; sourceTree = "<group>"; };
		0C82B885168BC1B900ADB9D1 /* fmod_output.h */ = {isa = PBXFileReference; lastKnownFileType = sourcecode.c.h; path = fmod_output.h; sourceTree = "<group>"; };
		0C82B886168BC1C400ADB9D1 /* libfmodex.dylib */ = {isa = PBXFileReference; lastKnownFileType = "compiled.mach-o.dylib"; path = libfmodex.dylib; sourceTree = "<group>"; };
		0C82B887168BC1C400ADB9D1 /* libfmodexL.dylib */ = {isa = PBXFileReference; lastKnownFileType = "compiled.mach-o.dylib"; path = libfmodexL.dylib; sourceTree = "<group>"; };
		0C82B88A168BC5FB00ADB9D1 /* logger.cpp */ = {isa = PBXFileReference; fileEncoding = 4; lastKnownFileType = sourcecode.cpp.cpp; path = logger.cpp; sourceTree = "<group>"; };
		0C82B88B168BC5FB00ADB9D1 /* logger.h */ = {isa = PBXFileReference; fileEncoding = 4; lastKnownFileType = sourcecode.c.h; path = logger.h; sourceTree = "<group>"; };
		0C82B88E168BD0FB00ADB9D1 /* track.cpp */ = {isa = PBXFileReference; fileEncoding = 4; lastKnownFileType = sourcecode.cpp.cpp; path = track.cpp; sourceTree = "<group>"; };
		0C82B88F168BD0FB00ADB9D1 /* track.h */ = {isa = PBXFileReference; fileEncoding = 4; lastKnownFileType = sourcecode.c.h; path = track.h; sourceTree = "<group>"; };
		0C82B892168BF2C500ADB9D1 /* test.mp3 */ = {isa = PBXFileReference; lastKnownFileType = audio.mp3; path = test.mp3; sourceTree = "<group>"; };
		0C82B897168C1C2300ADB9D1 /* input_manager.cpp */ = {isa = PBXFileReference; fileEncoding = 4; lastKnownFileType = sourcecode.cpp.cpp; path = input_manager.cpp; sourceTree = "<group>"; };
		0C82B898168C1C2300ADB9D1 /* input_manager.h */ = {isa = PBXFileReference; fileEncoding = 4; lastKnownFileType = sourcecode.c.h; path = input_manager.h; sourceTree = "<group>"; };
/* End PBXFileReference section */

/* Begin PBXFrameworksBuildPhase section */
		0C82B865168BB8B300ADB9D1 /* Frameworks */ = {
			isa = PBXFrameworksBuildPhase;
			buildActionMask = 2147483647;
			files = (
				0C82B888168BC1C400ADB9D1 /* libfmodex.dylib in Frameworks */,
				0C82B889168BC1C400ADB9D1 /* libfmodexL.dylib in Frameworks */,
			);
			runOnlyForDeploymentPostprocessing = 0;
		};
/* End PBXFrameworksBuildPhase section */

/* Begin PBXGroup section */
		0C82B85A168BB60900ADB9D1 = {
			isa = PBXGroup;
			children = (
				0C82B87C168BC17600ADB9D1 /* include */,
				0C82B87D168BC17600ADB9D1 /* lib */,
				0C82B862168BB7BE00ADB9D1 /* src */,
				0C82B891168BF2C500ADB9D1 /* resources */,
				0C82B875168BBB0F00ADB9D1 /* Libraries and Frameworks */,
				0C82B869168BB8B300ADB9D1 /* Products */,
			);
			sourceTree = "<group>";
		};
		0C82B862168BB7BE00ADB9D1 /* src */ = {
			isa = PBXGroup;
			children = (
				0C82B863168BB84800ADB9D1 /* main.cpp */,
				0C82B877168BBC1A00ADB9D1 /* audio_manager.h */,
				0C82B876168BBC1A00ADB9D1 /* audio_manager.cpp */,
				0C82B898168C1C2300ADB9D1 /* input_manager.h */,
				0C82B897168C1C2300ADB9D1 /* input_manager.cpp */,
				0C82B88B168BC5FB00ADB9D1 /* logger.h */,
				0C82B88A168BC5FB00ADB9D1 /* logger.cpp */,
				0C82B88F168BD0FB00ADB9D1 /* track.h */,
				0C82B88E168BD0FB00ADB9D1 /* track.cpp */,
			);
			name = src;
			path = ../src;
			sourceTree = "<group>";
		};
		0C82B869168BB8B300ADB9D1 /* Products */ = {
			isa = PBXGroup;
			children = (
				0C82B868168BB8B300ADB9D1 /* djpi */,
			);
			name = Products;
			sourceTree = "<group>";
		};
		0C82B875168BBB0F00ADB9D1 /* Libraries and Frameworks */ = {
			isa = PBXGroup;
			children = (
			);
			name = "Libraries and Frameworks";
			sourceTree = "<group>";
		};
		0C82B87C168BC17600ADB9D1 /* include */ = {
			isa = PBXGroup;
			children = (
				0C82B87E168BC1B900ADB9D1 /* fmod */,
			);
			name = include;
			path = ../include;
			sourceTree = "<group>";
		};
		0C82B87D168BC17600ADB9D1 /* lib */ = {
			isa = PBXGroup;
			children = (
				0C82B886168BC1C400ADB9D1 /* libfmodex.dylib */,
				0C82B887168BC1C400ADB9D1 /* libfmodexL.dylib */,
			);
			name = lib;
			path = ../lib;
			sourceTree = "<group>";
		};
		0C82B87E168BC1B900ADB9D1 /* fmod */ = {
			isa = PBXGroup;
			children = (
				0C82B87F168BC1B900ADB9D1 /* fmod.h */,
				0C82B880168BC1B900ADB9D1 /* fmod.hpp */,
				0C82B881168BC1B900ADB9D1 /* fmod_codec.h */,
				0C82B882168BC1B900ADB9D1 /* fmod_dsp.h */,
				0C82B883168BC1B900ADB9D1 /* fmod_errors.h */,
				0C82B884168BC1B900ADB9D1 /* fmod_memoryinfo.h */,
				0C82B885168BC1B900ADB9D1 /* fmod_output.h */,
			);
			path = fmod;
			sourceTree = "<group>";
		};
		0C82B891168BF2C500ADB9D1 /* resources */ = {
			isa = PBXGroup;
			children = (
				0C82B892168BF2C500ADB9D1 /* test.mp3 */,
			);
			name = resources;
			path = ../resources;
			sourceTree = "<group>";
		};
/* End PBXGroup section */

/* Begin PBXNativeTarget section */
		0C82B867168BB8B300ADB9D1 /* djpi */ = {
			isa = PBXNativeTarget;
			buildConfigurationList = 0C82B86F168BB8B300ADB9D1 /* Build configuration list for PBXNativeTarget "djpi" */;
			buildPhases = (
				0C82B864168BB8B300ADB9D1 /* Sources */,
				0C82B865168BB8B300ADB9D1 /* Frameworks */,
				0C82B895168BF2FA00ADB9D1 /* CopyFiles */,
			);
			buildRules = (
			);
			dependencies = (
			);
			name = djpi;
			productName = DJPi;
			productReference = 0C82B868168BB8B300ADB9D1 /* djpi */;
			productType = "com.apple.product-type.tool";
		};
/* End PBXNativeTarget section */

/* Begin PBXProject section */
		0C82B85B168BB60900ADB9D1 /* Project object */ = {
			isa = PBXProject;
			attributes = {
				LastUpgradeCheck = 0460;
			};
			buildConfigurationList = 0C82B85E168BB60900ADB9D1 /* Build configuration list for PBXProject "DJPi" */;
			compatibilityVersion = "Xcode 3.2";
			developmentRegion = English;
			hasScannedForEncodings = 0;
			knownRegions = (
				en,
			);
			mainGroup = 0C82B85A168BB60900ADB9D1;
			productRefGroup = 0C82B869168BB8B300ADB9D1 /* Products */;
			projectDirPath = "";
			projectRoot = "";
			targets = (
				0C82B867168BB8B300ADB9D1 /* djpi */,
			);
		};
/* End PBXProject section */

/* Begin PBXSourcesBuildPhase section */
		0C82B864168BB8B300ADB9D1 /* Sources */ = {
			isa = PBXSourcesBuildPhase;
			buildActionMask = 2147483647;
			files = (
				0C82B872168BB8F300ADB9D1 /* main.cpp in Sources */,
				0C82B878168BBC1A00ADB9D1 /* audio_manager.cpp in Sources */,
				0C82B88C168BC5FB00ADB9D1 /* logger.cpp in Sources */,
				0C82B890168BD0FB00ADB9D1 /* track.cpp in Sources */,
				0C82B899168C1C2300ADB9D1 /* input_manager.cpp in Sources */,
			);
			runOnlyForDeploymentPostprocessing = 0;
		};
/* End PBXSourcesBuildPhase section */

/* Begin XCBuildConfiguration section */
		0C82B85F168BB60900ADB9D1 /* Debug */ = {
			isa = XCBuildConfiguration;
			buildSettings = {
			};
			name = Debug;
		};
		0C82B860168BB60900ADB9D1 /* Release */ = {
			isa = XCBuildConfiguration;
			buildSettings = {
			};
			name = Release;
		};
		0C82B870168BB8B300ADB9D1 /* Debug */ = {
			isa = XCBuildConfiguration;
			buildSettings = {
				ALWAYS_SEARCH_USER_PATHS = NO;
				ARCHS = "$(ARCHS_STANDARD_64_BIT)";
				CLANG_CXX_LANGUAGE_STANDARD = "gnu++0x";
				CLANG_CXX_LIBRARY = "libc++";
				CLANG_WARN_CONSTANT_CONVERSION = YES;
				CLANG_WARN_EMPTY_BODY = YES;
				CLANG_WARN_ENUM_CONVERSION = YES;
				CLANG_WARN_INT_CONVERSION = YES;
				CLANG_WARN__DUPLICATE_METHOD_MATCH = YES;
				COPY_PHASE_STRIP = NO;
				GCC_C_LANGUAGE_STANDARD = gnu99;
				GCC_DYNAMIC_NO_PIC = NO;
				GCC_ENABLE_OBJC_EXCEPTIONS = YES;
				GCC_OPTIMIZATION_LEVEL = 0;
				GCC_PREPROCESSOR_DEFINITIONS = (
					"DEBUG=1",
					"$(inherited)",
				);
				GCC_SYMBOLS_PRIVATE_EXTERN = NO;
				GCC_WARN_64_TO_32_BIT_CONVERSION = YES;
				GCC_WARN_ABOUT_RETURN_TYPE = YES;
				GCC_WARN_UNINITIALIZED_AUTOS = YES;
				GCC_WARN_UNUSED_VARIABLE = YES;
				HEADER_SEARCH_PATHS = "$(PROJECT_ROOT)/include";
				LIBRARY_SEARCH_PATHS = "\"$(SRCROOT)/../lib\"";
				MACOSX_DEPLOYMENT_TARGET = 10.8;
				ONLY_ACTIVE_ARCH = YES;
				PRODUCT_NAME = "$(TARGET_NAME)";
				PROJECT_ROOT = "$(SRCROOT)/..";
				SDKROOT = macosx;
			};
			name = Debug;
		};
		0C82B871168BB8B300ADB9D1 /* Release */ = {
			isa = XCBuildConfiguration;
			buildSettings = {
				ALWAYS_SEARCH_USER_PATHS = NO;
				ARCHS = "$(ARCHS_STANDARD_64_BIT)";
				CLANG_CXX_LANGUAGE_STANDARD = "gnu++0x";
				CLANG_CXX_LIBRARY = "libc++";
				CLANG_WARN_CONSTANT_CONVERSION = YES;
				CLANG_WARN_EMPTY_BODY = YES;
				CLANG_WARN_ENUM_CONVERSION = YES;
				CLANG_WARN_INT_CONVERSION = YES;
				CLANG_WARN__DUPLICATE_METHOD_MATCH = YES;
				COPY_PHASE_STRIP = YES;
				DEBUG_INFORMATION_FORMAT = "dwarf-with-dsym";
				GCC_C_LANGUAGE_STANDARD = gnu99;
				GCC_ENABLE_OBJC_EXCEPTIONS = YES;
				GCC_WARN_64_TO_32_BIT_CONVERSION = YES;
				GCC_WARN_ABOUT_RETURN_TYPE = YES;
				GCC_WARN_UNINITIALIZED_AUTOS = YES;
				GCC_WARN_UNUSED_VARIABLE = YES;
				HEADER_SEARCH_PATHS = "$(PROJECT_ROOT)/include";
				LIBRARY_SEARCH_PATHS = "\"$(SRCROOT)/../lib\"";
				MACOSX_DEPLOYMENT_TARGET = 10.8;
				PRODUCT_NAME = "$(TARGET_NAME)";
				PROJECT_ROOT = "$(SRCROOT)/..";
				SDKROOT = macosx;
			};
			name = Release;
		};
/* End XCBuildConfiguration section */

/* Begin XCConfigurationList section */
		0C82B85E168BB60900ADB9D1 /* Build configuration list for PBXProject "DJPi" */ = {
			isa = XCConfigurationList;
			buildConfigurations = (
				0C82B85F168BB60900ADB9D1 /* Debug */,
				0C82B860168BB60900ADB9D1 /* Release */,
			);
			defaultConfigurationIsVisible = 0;
			defaultConfigurationName = Release;
		};
		0C82B86F168BB8B300ADB9D1 /* Build configuration list for PBXNativeTarget "djpi" */ = {
			isa = XCConfigurationList;
			buildConfigurations = (
				0C82B870168BB8B300ADB9D1 /* Debug */,
				0C82B871168BB8B300ADB9D1 /* Release */,
			);
			defaultConfigurationIsVisible = 0;
		};
/* End XCConfigurationList section */
	};
	rootObject = 0C82B85B168BB60900ADB9D1 /* Project object */;
}
